
Microsoft Visual Studio Solution File, Format Version 12.00
# Visual Studio Version 17
VisualStudioVersion = 17.11.35219.272
MinimumVisualStudioVersion = 10.0.40219.1
Project("{9A19103F-16F7-4668-BE54-9A1E7A4F7556}") = "QuestLog_MVC", "QuestLog\QuestLog_MVC.csproj", "{EAF985B7-D6AA-4A85-A67C-F8DF4E288E4A}"
EndProject
Project("{9A19103F-16F7-4668-BE54-9A1E7A4F7556}") = "Quests", "QuestLog_Quests\Quests.csproj", "{3C5D6D93-BD3D-4FA3-97F9-18248A0A7870}"
EndProject
Project("{E53339B2-1760-4266-BCC7-CA923CBCF16C}") = "docker-compose", "docker-compose.dcproj", "{1BFC3818-572D-4337-8D75-5C8D43E07565}"
EndProject
Project("{9A19103F-16F7-4668-BE54-9A1E7A4F7556}") = "Common", "..\Common\Common.csproj", "{BABA6998-4912-4095-B3A2-257CE12818AA}"
EndProject
Global
	GlobalSection(SolutionConfigurationPlatforms) = preSolution
		Debug|Any CPU = Debug|Any CPU
		Release|Any CPU = Release|Any CPU
	EndGlobalSection
	GlobalSection(ProjectConfigurationPlatforms) = postSolution
		{EAF985B7-D6AA-4A85-A67C-F8DF4E288E4A}.Debug|Any CPU.ActiveCfg = Debug|Any CPU
		{EAF985B7-D6AA-4A85-A67C-F8DF4E288E4A}.Debug|Any CPU.Build.0 = Debug|Any CPU
		{EAF985B7-D6AA-4A85-A67C-F8DF4E288E4A}.Release|Any CPU.ActiveCfg = Release|Any CPU
		{EAF985B7-D6AA-4A85-A67C-F8DF4E288E4A}.Release|Any CPU.Build.0 = Release|Any CPU
		{3C5D6D93-BD3D-4FA3-97F9-18248A0A7870}.Debug|Any CPU.ActiveCfg = Debug|Any CPU
		{3C5D6D93-BD3D-4FA3-97F9-18248A0A7870}.Debug|Any CPU.Build.0 = Debug|Any CPU
		{3C5D6D93-BD3D-4FA3-97F9-18248A0A7870}.Release|Any CPU.ActiveCfg = Release|Any CPU
		{3C5D6D93-BD3D-4FA3-97F9-18248A0A7870}.Release|Any CPU.Build.0 = Release|Any CPU
		{1BFC3818-572D-4337-8D75-5C8D43E07565}.Debug|Any CPU.ActiveCfg = Debug|Any CPU
		{1BFC3818-572D-4337-8D75-5C8D43E07565}.Debug|Any CPU.Build.0 = Debug|Any CPU
		{1BFC3818-572D-4337-8D75-5C8D43E07565}.Release|Any CPU.ActiveCfg = Release|Any CPU
		{1BFC3818-572D-4337-8D75-5C8D43E07565}.Release|Any CPU.Build.0 = Release|Any CPU
		{BABA6998-4912-4095-B3A2-257CE12818AA}.Debug|Any CPU.ActiveCfg = Debug|Any CPU
		{BABA6998-4912-4095-B3A2-257CE12818AA}.Debug|Any CPU.Build.0 = Debug|Any CPU
		{BABA6998-4912-4095-B3A2-257CE12818AA}.Release|Any CPU.ActiveCfg = Release|Any CPU
		{BABA6998-4912-4095-B3A2-257CE12818AA}.Release|Any CPU.Build.0 = Release|Any CPU
	EndGlobalSection
	GlobalSection(SolutionProperties) = preSolution
		HideSolutionNode = FALSE
	EndGlobalSection
	GlobalSection(ExtensibilityGlobals) = postSolution
		SolutionGuid = {D6BBD1D3-6FDD-4F52-9E8C-0D4149E1BFAE}
	EndGlobalSection
EndGlobal
