
Microsoft Visual Studio Solution File, Format Version 12.00
# Visual Studio Version 17
VisualStudioVersion = 17.11.35219.272
MinimumVisualStudioVersion = 10.0.40219.1
Project("{FAE04EC0-301F-11D3-BF4B-00C04F79EFBC}") = "QuestLog", "QuestLog\QuestLog.csproj", "{EAF985B7-D6AA-4A85-A67C-F8DF4E288E4A}"
EndProject
Global
	GlobalSection(SolutionConfigurationPlatforms) = preSolution
		Debug|Any CPU = Debug|Any CPU
		Release|Any CPU = Release|Any CPU
	EndGlobalSection
	GlobalSection(ProjectConfigurationPlatforms) = postSolution
		{EAF985B7-D6AA-4A85-A67C-F8DF4E288E4A}.Debug|Any CPU.ActiveCfg = Debug|Any CPU
		{EAF985B7-D6AA-4A85-A67C-F8DF4E288E4A}.Debug|Any CPU.Build.0 = Debug|Any CPU
		{EAF985B7-D6AA-4A85-A67C-F8DF4E288E4A}.Release|Any CPU.ActiveCfg = Release|Any CPU
		{EAF985B7-D6AA-4A85-A67C-F8DF4E288E4A}.Release|Any CPU.Build.0 = Release|Any CPU
	EndGlobalSection
	GlobalSection(SolutionProperties) = preSolution
		HideSolutionNode = FALSE
	EndGlobalSection
	GlobalSection(ExtensibilityGlobals) = postSolution
		SolutionGuid = {D6BBD1D3-6FDD-4F52-9E8C-0D4149E1BFAE}
	EndGlobalSection
EndGlobal
